
Microsoft Visual Studio Solution File, Format Version 12.00
# Visual Studio Version 16
VisualStudioVersion = 16.0.29709.97
MinimumVisualStudioVersion = 15.0.26124.0
Project("{9A19103F-16F7-4668-BE54-9A1E7A4F7556}") = "FabelioScrape.Web", "MetaData.Web\FabelioScrape.Web.csproj", "{CFCFFB32-9CB5-4F8C-8B85-A45DB03E1558}"
EndProject
Project("{9A19103F-16F7-4668-BE54-9A1E7A4F7556}") = "FabelioScrape.Web.UnitTest", "MetaData.Web.UnitTest\FabelioScrape.Web.UnitTest.csproj", "{B3783745-F5D2-4656-89E8-89B5B37ACDF7}"
EndProject
Project("{FAE04EC0-301F-11D3-BF4B-00C04F79EFBC}") = "FabelioScrape.Scraper", "FabelioScrape.Scraper\FabelioScrape.Scraper.csproj", "{396D92FE-3AF2-45D2-9178-10ED1B10BCFC}"
EndProject
Global
	GlobalSection(SolutionConfigurationPlatforms) = preSolution
		Debug|Any CPU = Debug|Any CPU
		Debug|x64 = Debug|x64
		Debug|x86 = Debug|x86
		Release|Any CPU = Release|Any CPU
		Release|x64 = Release|x64
		Release|x86 = Release|x86
	EndGlobalSection
	GlobalSection(ProjectConfigurationPlatforms) = postSolution
		{CFCFFB32-9CB5-4F8C-8B85-A45DB03E1558}.Debug|Any CPU.ActiveCfg = Debug|Any CPU
		{CFCFFB32-9CB5-4F8C-8B85-A45DB03E1558}.Debug|Any CPU.Build.0 = Debug|Any CPU
		{CFCFFB32-9CB5-4F8C-8B85-A45DB03E1558}.Debug|x64.ActiveCfg = Debug|Any CPU
		{CFCFFB32-9CB5-4F8C-8B85-A45DB03E1558}.Debug|x64.Build.0 = Debug|Any CPU
		{CFCFFB32-9CB5-4F8C-8B85-A45DB03E1558}.Debug|x86.ActiveCfg = Debug|Any CPU
		{CFCFFB32-9CB5-4F8C-8B85-A45DB03E1558}.Debug|x86.Build.0 = Debug|Any CPU
		{CFCFFB32-9CB5-4F8C-8B85-A45DB03E1558}.Release|Any CPU.ActiveCfg = Release|Any CPU
		{CFCFFB32-9CB5-4F8C-8B85-A45DB03E1558}.Release|Any CPU.Build.0 = Release|Any CPU
		{CFCFFB32-9CB5-4F8C-8B85-A45DB03E1558}.Release|x64.ActiveCfg = Release|Any CPU
		{CFCFFB32-9CB5-4F8C-8B85-A45DB03E1558}.Release|x64.Build.0 = Release|Any CPU
		{CFCFFB32-9CB5-4F8C-8B85-A45DB03E1558}.Release|x86.ActiveCfg = Release|Any CPU
		{CFCFFB32-9CB5-4F8C-8B85-A45DB03E1558}.Release|x86.Build.0 = Release|Any CPU
		{B3783745-F5D2-4656-89E8-89B5B37ACDF7}.Debug|Any CPU.ActiveCfg = Debug|Any CPU
		{B3783745-F5D2-4656-89E8-89B5B37ACDF7}.Debug|Any CPU.Build.0 = Debug|Any CPU
		{B3783745-F5D2-4656-89E8-89B5B37ACDF7}.Debug|x64.ActiveCfg = Debug|Any CPU
		{B3783745-F5D2-4656-89E8-89B5B37ACDF7}.Debug|x64.Build.0 = Debug|Any CPU
		{B3783745-F5D2-4656-89E8-89B5B37ACDF7}.Debug|x86.ActiveCfg = Debug|Any CPU
		{B3783745-F5D2-4656-89E8-89B5B37ACDF7}.Debug|x86.Build.0 = Debug|Any CPU
		{B3783745-F5D2-4656-89E8-89B5B37ACDF7}.Release|Any CPU.ActiveCfg = Release|Any CPU
		{B3783745-F5D2-4656-89E8-89B5B37ACDF7}.Release|Any CPU.Build.0 = Release|Any CPU
		{B3783745-F5D2-4656-89E8-89B5B37ACDF7}.Release|x64.ActiveCfg = Release|Any CPU
		{B3783745-F5D2-4656-89E8-89B5B37ACDF7}.Release|x64.Build.0 = Release|Any CPU
		{B3783745-F5D2-4656-89E8-89B5B37ACDF7}.Release|x86.ActiveCfg = Release|Any CPU
		{B3783745-F5D2-4656-89E8-89B5B37ACDF7}.Release|x86.Build.0 = Release|Any CPU
		{396D92FE-3AF2-45D2-9178-10ED1B10BCFC}.Debug|Any CPU.ActiveCfg = Debug|Any CPU
		{396D92FE-3AF2-45D2-9178-10ED1B10BCFC}.Debug|Any CPU.Build.0 = Debug|Any CPU
		{396D92FE-3AF2-45D2-9178-10ED1B10BCFC}.Debug|x64.ActiveCfg = Debug|Any CPU
		{396D92FE-3AF2-45D2-9178-10ED1B10BCFC}.Debug|x64.Build.0 = Debug|Any CPU
		{396D92FE-3AF2-45D2-9178-10ED1B10BCFC}.Debug|x86.ActiveCfg = Debug|Any CPU
		{396D92FE-3AF2-45D2-9178-10ED1B10BCFC}.Debug|x86.Build.0 = Debug|Any CPU
		{396D92FE-3AF2-45D2-9178-10ED1B10BCFC}.Release|Any CPU.ActiveCfg = Release|Any CPU
		{396D92FE-3AF2-45D2-9178-10ED1B10BCFC}.Release|Any CPU.Build.0 = Release|Any CPU
		{396D92FE-3AF2-45D2-9178-10ED1B10BCFC}.Release|x64.ActiveCfg = Release|Any CPU
		{396D92FE-3AF2-45D2-9178-10ED1B10BCFC}.Release|x64.Build.0 = Release|Any CPU
		{396D92FE-3AF2-45D2-9178-10ED1B10BCFC}.Release|x86.ActiveCfg = Release|Any CPU
		{396D92FE-3AF2-45D2-9178-10ED1B10BCFC}.Release|x86.Build.0 = Release|Any CPU
	EndGlobalSection
	GlobalSection(SolutionProperties) = preSolution
		HideSolutionNode = FALSE
	EndGlobalSection
	GlobalSection(ExtensibilityGlobals) = postSolution
		SolutionGuid = {DF408015-AD20-4ABE-BDA6-8B3F5CE55D0E}
	EndGlobalSection
EndGlobal
